
Microsoft Visual Studio Solution File, Format Version 12.00
# Visual Studio Version 16
VisualStudioVersion = 16.0.31729.503
MinimumVisualStudioVersion = 10.0.40219.1
Project("{FAE04EC0-301F-11D3-BF4B-00C04F79EFBC}") = "Group 14 Project", "Group 14 Project.csproj", "{1046AD79-640E-4989-AB06-88927970B952}"
EndProject
Global
	GlobalSection(SolutionConfigurationPlatforms) = preSolution
		Debug|Any CPU = Debug|Any CPU
		Release|Any CPU = Release|Any CPU
	EndGlobalSection
	GlobalSection(ProjectConfigurationPlatforms) = postSolution
		{1046AD79-640E-4989-AB06-88927970B952}.Debug|Any CPU.ActiveCfg = Debug|Any CPU
		{1046AD79-640E-4989-AB06-88927970B952}.Debug|Any CPU.Build.0 = Debug|Any CPU
		{1046AD79-640E-4989-AB06-88927970B952}.Release|Any CPU.ActiveCfg = Release|Any CPU
		{1046AD79-640E-4989-AB06-88927970B952}.Release|Any CPU.Build.0 = Release|Any CPU
	EndGlobalSection
	GlobalSection(SolutionProperties) = preSolution
		HideSolutionNode = FALSE
	EndGlobalSection
	GlobalSection(ExtensibilityGlobals) = postSolution
		SolutionGuid = {447E62E8-F718-4650-A839-AF07A06BBC83}
	EndGlobalSection
EndGlobal
